
Microsoft Visual Studio Solution File, Format Version 12.00
# Visual Studio Version 16
VisualStudioVersion = 16.0.31205.134
MinimumVisualStudioVersion = 10.0.40219.1
Project("{FAE04EC0-301F-11D3-BF4B-00C04F79EFBC}") = "BlazorServerWithTailwind", "BlazorServerWithTailwind.csproj", "{7D717A1C-D075-41C6-8E58-AA853BAF3FC2}"
EndProject
Global
	GlobalSection(SolutionConfigurationPlatforms) = preSolution
		Debug|Any CPU = Debug|Any CPU
		Release|Any CPU = Release|Any CPU
	EndGlobalSection
	GlobalSection(ProjectConfigurationPlatforms) = postSolution
		{7D717A1C-D075-41C6-8E58-AA853BAF3FC2}.Debug|Any CPU.ActiveCfg = Debug|Any CPU
		{7D717A1C-D075-41C6-8E58-AA853BAF3FC2}.Debug|Any CPU.Build.0 = Debug|Any CPU
		{7D717A1C-D075-41C6-8E58-AA853BAF3FC2}.Release|Any CPU.ActiveCfg = Release|Any CPU
		{7D717A1C-D075-41C6-8E58-AA853BAF3FC2}.Release|Any CPU.Build.0 = Release|Any CPU
	EndGlobalSection
	GlobalSection(SolutionProperties) = preSolution
		HideSolutionNode = FALSE
	EndGlobalSection
	GlobalSection(ExtensibilityGlobals) = postSolution
		SolutionGuid = {3B2E53F9-323B-4675-8864-BB824D86227D}
	EndGlobalSection
EndGlobal
